
Microsoft Visual Studio Solution File, Format Version 12.00
# Visual Studio 15
Project("{FAE04EC0-301F-11D3-BF4B-00C04F79EFBC}") = "Assembly-CSharp", "Assembly-CSharp.csproj", "{57009872-38DC-464B-DB35-1AE9D36A9CE6}"
EndProject
Project("{FAE04EC0-301F-11D3-BF4B-00C04F79EFBC}") = "Assembly-CSharp-firstpass", "Assembly-CSharp-firstpass.csproj", "{F31A3A1C-F5AC-B3D8-73B9-2446826932CE}"
EndProject
Project("{FAE04EC0-301F-11D3-BF4B-00C04F79EFBC}") = "Assembly-CSharp-Editor-firstpass", "Assembly-CSharp-Editor-firstpass.csproj", "{E8222175-C13B-841F-FA7C-7815F942A277}"
EndProject
Project("{FAE04EC0-301F-11D3-BF4B-00C04F79EFBC}") = "Assembly-CSharp-Editor", "Assembly-CSharp-Editor.csproj", "{FE2695AE-61F5-18A4-85FF-86A2D25D6814}"
EndProject
Global
	GlobalSection(SolutionConfigurationPlatforms) = preSolution
		Debug|Any CPU = Debug|Any CPU
		Release|Any CPU = Release|Any CPU
	EndGlobalSection
	GlobalSection(ProjectConfigurationPlatforms) = postSolution
		{57009872-38DC-464B-DB35-1AE9D36A9CE6}.Debug|Any CPU.ActiveCfg = Debug|Any CPU
		{57009872-38DC-464B-DB35-1AE9D36A9CE6}.Debug|Any CPU.Build.0 = Debug|Any CPU
		{57009872-38DC-464B-DB35-1AE9D36A9CE6}.Release|Any CPU.ActiveCfg = Release|Any CPU
		{57009872-38DC-464B-DB35-1AE9D36A9CE6}.Release|Any CPU.Build.0 = Release|Any CPU
		{F31A3A1C-F5AC-B3D8-73B9-2446826932CE}.Debug|Any CPU.ActiveCfg = Debug|Any CPU
		{F31A3A1C-F5AC-B3D8-73B9-2446826932CE}.Debug|Any CPU.Build.0 = Debug|Any CPU
		{F31A3A1C-F5AC-B3D8-73B9-2446826932CE}.Release|Any CPU.ActiveCfg = Release|Any CPU
		{F31A3A1C-F5AC-B3D8-73B9-2446826932CE}.Release|Any CPU.Build.0 = Release|Any CPU
		{E8222175-C13B-841F-FA7C-7815F942A277}.Debug|Any CPU.ActiveCfg = Debug|Any CPU
		{E8222175-C13B-841F-FA7C-7815F942A277}.Debug|Any CPU.Build.0 = Debug|Any CPU
		{E8222175-C13B-841F-FA7C-7815F942A277}.Release|Any CPU.ActiveCfg = Release|Any CPU
		{E8222175-C13B-841F-FA7C-7815F942A277}.Release|Any CPU.Build.0 = Release|Any CPU
		{FE2695AE-61F5-18A4-85FF-86A2D25D6814}.Debug|Any CPU.ActiveCfg = Debug|Any CPU
		{FE2695AE-61F5-18A4-85FF-86A2D25D6814}.Debug|Any CPU.Build.0 = Debug|Any CPU
		{FE2695AE-61F5-18A4-85FF-86A2D25D6814}.Release|Any CPU.ActiveCfg = Release|Any CPU
		{FE2695AE-61F5-18A4-85FF-86A2D25D6814}.Release|Any CPU.Build.0 = Release|Any CPU
	EndGlobalSection
	GlobalSection(SolutionProperties) = preSolution
		HideSolutionNode = FALSE
	EndGlobalSection
EndGlobal
